
Microsoft Visual Studio Solution File, Format Version 12.00
# Visual Studio Version 17
VisualStudioVersion = 17.9.34607.119
MinimumVisualStudioVersion = 10.0.40219.1
Project("{FAE04EC0-301F-11D3-BF4B-00C04F79EFBC}") = "2.unite uygulama 24", "2.unite uygulama 24\2.unite uygulama 24.csproj", "{4CE4501F-D913-4401-B686-69E2B98B1294}"
EndProject
Global
	GlobalSection(SolutionConfigurationPlatforms) = preSolution
		Debug|Any CPU = Debug|Any CPU
		Release|Any CPU = Release|Any CPU
	EndGlobalSection
	GlobalSection(ProjectConfigurationPlatforms) = postSolution
		{4CE4501F-D913-4401-B686-69E2B98B1294}.Debug|Any CPU.ActiveCfg = Debug|Any CPU
		{4CE4501F-D913-4401-B686-69E2B98B1294}.Debug|Any CPU.Build.0 = Debug|Any CPU
		{4CE4501F-D913-4401-B686-69E2B98B1294}.Release|Any CPU.ActiveCfg = Release|Any CPU
		{4CE4501F-D913-4401-B686-69E2B98B1294}.Release|Any CPU.Build.0 = Release|Any CPU
	EndGlobalSection
	GlobalSection(SolutionProperties) = preSolution
		HideSolutionNode = FALSE
	EndGlobalSection
	GlobalSection(ExtensibilityGlobals) = postSolution
		SolutionGuid = {DD5B2F56-A53D-4A1E-9A06-5C7E80C5E6ED}
	EndGlobalSection
EndGlobal
